// !$*UTF8*$!
{
	archiveVersion = 1;
	classes = {
	};
	objectVersion = 48;
	objects = {

/* Begin PBXBuildFile section */
		0B3D781DC8B9675ECDCD1D99 /* Pods_Doantenshowiz.framework in Frameworks */ = {isa = PBXBuildFile; fileRef = 48F01F2BC97850A63945D5AA /* Pods_Doantenshowiz.framework */; };
		FA0209EB1FF8919700FD2B35 /* AppDelegate.swift in Sources */ = {isa = PBXBuildFile; fileRef = FA0209EA1FF8919700FD2B35 /* AppDelegate.swift */; };
		FA0209ED1FF8919700FD2B35 /* ViewController.swift in Sources */ = {isa = PBXBuildFile; fileRef = FA0209EC1FF8919700FD2B35 /* ViewController.swift */; };
		FA0209F01FF8919700FD2B35 /* Main.storyboard in Resources */ = {isa = PBXBuildFile; fileRef = FA0209EE1FF8919700FD2B35 /* Main.storyboard */; };
		FA0209F21FF8919700FD2B35 /* Assets.xcassets in Resources */ = {isa = PBXBuildFile; fileRef = FA0209F11FF8919700FD2B35 /* Assets.xcassets */; };
		FA0209F51FF8919700FD2B35 /* LaunchScreen.storyboard in Resources */ = {isa = PBXBuildFile; fileRef = FA0209F31FF8919700FD2B35 /* LaunchScreen.storyboard */; };
		FAE737671FFA81E000A36FA1 /* AlbumObj.swift in Sources */ = {isa = PBXBuildFile; fileRef = FAE737601FFA81DF00A36FA1 /* AlbumObj.swift */; };
		FAE737681FFA81E000A36FA1 /* NghesiObj.swift in Sources */ = {isa = PBXBuildFile; fileRef = FAE737611FFA81DF00A36FA1 /* NghesiObj.swift */; };
		FAE737691FFA81E000A36FA1 /* ColumnFlowLayout2.swift in Sources */ = {isa = PBXBuildFile; fileRef = FAE737631FFA81E000A36FA1 /* ColumnFlowLayout2.swift */; };
		FAE7376A1FFA81E000A36FA1 /* DesignButton.swift in Sources */ = {isa = PBXBuildFile; fileRef = FAE737641FFA81E000A36FA1 /* DesignButton.swift */; };
		FAE7376B1FFA81E000A36FA1 /* DesignLabel.swift in Sources */ = {isa = PBXBuildFile; fileRef = FAE737651FFA81E000A36FA1 /* DesignLabel.swift */; };
		FAE7376C1FFA81E000A36FA1 /* DesignTextField.swift in Sources */ = {isa = PBXBuildFile; fileRef = FAE737661FFA81E000A36FA1 /* DesignTextField.swift */; };
		FAE737721FFA81F400A36FA1 /* MainViewController.swift in Sources */ = {isa = PBXBuildFile; fileRef = FAE7376D1FFA81F400A36FA1 /* MainViewController.swift */; };
		FAE737731FFA81F400A36FA1 /* ScratchCardImageView.swift in Sources */ = {isa = PBXBuildFile; fileRef = FAE7376F1FFA81F400A36FA1 /* ScratchCardImageView.swift */; };
		FAE737741FFA81F400A36FA1 /* ScratchCardTouchContainer.swift in Sources */ = {isa = PBXBuildFile; fileRef = FAE737701FFA81F400A36FA1 /* ScratchCardTouchContainer.swift */; };
		FAE737751FFA81F400A36FA1 /* UIImage+SolidColor.swift in Sources */ = {isa = PBXBuildFile; fileRef = FAE737711FFA81F400A36FA1 /* UIImage+SolidColor.swift */; };
		FAE737781FFA81FF00A36FA1 /* WebViewController.swift in Sources */ = {isa = PBXBuildFile; fileRef = FAE737761FFA81FF00A36FA1 /* WebViewController.swift */; };
		FAE737791FFA81FF00A36FA1 /* AlbumViewController.swift in Sources */ = {isa = PBXBuildFile; fileRef = FAE737771FFA81FF00A36FA1 /* AlbumViewController.swift */; };
		FAE7377D1FFA820E00A36FA1 /* Mycell.swift in Sources */ = {isa = PBXBuildFile; fileRef = FAE7377A1FFA820D00A36FA1 /* Mycell.swift */; };
		FAE7377E1FFA820E00A36FA1 /* Mycell1.swift in Sources */ = {isa = PBXBuildFile; fileRef = FAE7377B1FFA820E00A36FA1 /* Mycell1.swift */; };
		FAE7377F1FFA820E00A36FA1 /* CellCasi.swift in Sources */ = {isa = PBXBuildFile; fileRef = FAE7377C1FFA820E00A36FA1 /* CellCasi.swift */; };
/* End PBXBuildFile section */

/* Begin PBXFileReference section */
		48F01F2BC97850A63945D5AA /* Pods_Doantenshowiz.framework */ = {isa = PBXFileReference; explicitFileType = wrapper.framework; includeInIndex = 0; path = Pods_Doantenshowiz.framework; sourceTree = BUILT_PRODUCTS_DIR; };
		5BEB3208F3556BE3502B6B0C /* Pods-Doantenshowiz.debug.xcconfig */ = {isa = PBXFileReference; includeInIndex = 1; lastKnownFileType = text.xcconfig; name = "Pods-Doantenshowiz.debug.xcconfig"; path = "Pods/Target Support Files/Pods-Doantenshowiz/Pods-Doantenshowiz.debug.xcconfig"; sourceTree = "<group>"; };
		E39728293E359326C0D83641 /* Pods-Doantenshowiz.release.xcconfig */ = {isa = PBXFileReference; includeInIndex = 1; lastKnownFileType = text.xcconfig; name = "Pods-Doantenshowiz.release.xcconfig"; path = "Pods/Target Support Files/Pods-Doantenshowiz/Pods-Doantenshowiz.release.xcconfig"; sourceTree = "<group>"; };
		FA0209E71FF8919700FD2B35 /* Doantenshowiz.app */ = {isa = PBXFileReference; explicitFileType = wrapper.application; includeInIndex = 0; path = Doantenshowiz.app; sourceTree = BUILT_PRODUCTS_DIR; };
		FA0209EA1FF8919700FD2B35 /* AppDelegate.swift */ = {isa = PBXFileReference; lastKnownFileType = sourcecode.swift; path = AppDelegate.swift; sourceTree = "<group>"; };
		FA0209EC1FF8919700FD2B35 /* ViewController.swift */ = {isa = PBXFileReference; lastKnownFileType = sourcecode.swift; path = ViewController.swift; sourceTree = "<group>"; };
		FA0209EF1FF8919700FD2B35 /* Base */ = {isa = PBXFileReference; lastKnownFileType = file.storyboard; name = Base; path = Base.lproj/Main.storyboard; sourceTree = "<group>"; };
		FA0209F11FF8919700FD2B35 /* Assets.xcassets */ = {isa = PBXFileReference; lastKnownFileType = folder.assetcatalog; path = Assets.xcassets; sourceTree = "<group>"; };
		FA0209F41FF8919700FD2B35 /* Base */ = {isa = PBXFileReference; lastKnownFileType = file.storyboard; name = Base; path = Base.lproj/LaunchScreen.storyboard; sourceTree = "<group>"; };
		FA0209F61FF8919700FD2B35 /* Info.plist */ = {isa = PBXFileReference; lastKnownFileType = text.plist.xml; path = Info.plist; sourceTree = "<group>"; };
		FAE737601FFA81DF00A36FA1 /* AlbumObj.swift */ = {isa = PBXFileReference; fileEncoding = 4; lastKnownFileType = sourcecode.swift; path = AlbumObj.swift; sourceTree = "<group>"; };
		FAE737611FFA81DF00A36FA1 /* NghesiObj.swift */ = {isa = PBXFileReference; fileEncoding = 4; lastKnownFileType = sourcecode.swift; path = NghesiObj.swift; sourceTree = "<group>"; };
		FAE737631FFA81E000A36FA1 /* ColumnFlowLayout2.swift */ = {isa = PBXFileReference; fileEncoding = 4; lastKnownFileType = sourcecode.swift; path = ColumnFlowLayout2.swift; sourceTree = "<group>"; };
		FAE737641FFA81E000A36FA1 /* DesignButton.swift */ = {isa = PBXFileReference; fileEncoding = 4; lastKnownFileType = sourcecode.swift; path = DesignButton.swift; sourceTree = "<group>"; };
		FAE737651FFA81E000A36FA1 /* DesignLabel.swift */ = {isa = PBXFileReference; fileEncoding = 4; lastKnownFileType = sourcecode.swift; path = DesignLabel.swift; sourceTree = "<group>"; };
		FAE737661FFA81E000A36FA1 /* DesignTextField.swift */ = {isa = PBXFileReference; fileEncoding = 4; lastKnownFileType = sourcecode.swift; path = DesignTextField.swift; sourceTree = "<group>"; };
		FAE7376D1FFA81F400A36FA1 /* MainViewController.swift */ = {isa = PBXFileReference; fileEncoding = 4; lastKnownFileType = sourcecode.swift; path = MainViewController.swift; sourceTree = "<group>"; };
		FAE7376F1FFA81F400A36FA1 /* ScratchCardImageView.swift */ = {isa = PBXFileReference; fileEncoding = 4; lastKnownFileType = sourcecode.swift; path = ScratchCardImageView.swift; sourceTree = "<group>"; };
		FAE737701FFA81F400A36FA1 /* ScratchCardTouchContainer.swift */ = {isa = PBXFileReference; fileEncoding = 4; lastKnownFileType = sourcecode.swift; path = ScratchCardTouchContainer.swift; sourceTree = "<group>"; };
		FAE737711FFA81F400A36FA1 /* UIImage+SolidColor.swift */ = {isa = PBXFileReference; fileEncoding = 4; lastKnownFileType = sourcecode.swift; path = "UIImage+SolidColor.swift"; sourceTree = "<group>"; };
		FAE737761FFA81FF00A36FA1 /* WebViewController.swift */ = {isa = PBXFileReference; fileEncoding = 4; lastKnownFileType = sourcecode.swift; path = WebViewController.swift; sourceTree = "<group>"; };
		FAE737771FFA81FF00A36FA1 /* AlbumViewController.swift */ = {isa = PBXFileReference; fileEncoding = 4; lastKnownFileType = sourcecode.swift; path = AlbumViewController.swift; sourceTree = "<group>"; };
		FAE7377A1FFA820D00A36FA1 /* Mycell.swift */ = {isa = PBXFileReference; fileEncoding = 4; lastKnownFileType = sourcecode.swift; path = Mycell.swift; sourceTree = "<group>"; };
		FAE7377B1FFA820E00A36FA1 /* Mycell1.swift */ = {isa = PBXFileReference; fileEncoding = 4; lastKnownFileType = sourcecode.swift; path = Mycell1.swift; sourceTree = "<group>"; };
		FAE7377C1FFA820E00A36FA1 /* CellCasi.swift */ = {isa = PBXFileReference; fileEncoding = 4; lastKnownFileType = sourcecode.swift; path = CellCasi.swift; sourceTree = "<group>"; };
/* End PBXFileReference section */

/* Begin PBXFrameworksBuildPhase section */
		FA0209E41FF8919700FD2B35 /* Frameworks */ = {
			isa = PBXFrameworksBuildPhase;
			buildActionMask = 2147483647;
			files = (
				0B3D781DC8B9675ECDCD1D99 /* Pods_Doantenshowiz.framework in Frameworks */,
			);
			runOnlyForDeploymentPostprocessing = 0;
		};
/* End PBXFrameworksBuildPhase section */

/* Begin PBXGroup section */
		3A729C956026425DDFC76B17 /* Frameworks */ = {
			isa = PBXGroup;
			children = (
				48F01F2BC97850A63945D5AA /* Pods_Doantenshowiz.framework */,
			);
			name = Frameworks;
			sourceTree = "<group>";
		};
		D01C7022962848CE3E36E46B /* Pods */ = {
			isa = PBXGroup;
			children = (
				5BEB3208F3556BE3502B6B0C /* Pods-Doantenshowiz.debug.xcconfig */,
				E39728293E359326C0D83641 /* Pods-Doantenshowiz.release.xcconfig */,
			);
			name = Pods;
			sourceTree = "<group>";
		};
		FA0209DE1FF8919700FD2B35 = {
			isa = PBXGroup;
			children = (
				FA0209E91FF8919700FD2B35 /* Doantenshowiz */,
				FA0209E81FF8919700FD2B35 /* Products */,
				D01C7022962848CE3E36E46B /* Pods */,
				3A729C956026425DDFC76B17 /* Frameworks */,
			);
			sourceTree = "<group>";
		};
		FA0209E81FF8919700FD2B35 /* Products */ = {
			isa = PBXGroup;
			children = (
				FA0209E71FF8919700FD2B35 /* Doantenshowiz.app */,
			);
			name = Products;
			sourceTree = "<group>";
		};
		FA0209E91FF8919700FD2B35 /* Doantenshowiz */ = {
			isa = PBXGroup;
			children = (
				FAE737771FFA81FF00A36FA1 /* AlbumViewController.swift */,
				FAE737761FFA81FF00A36FA1 /* WebViewController.swift */,
				FAE7377C1FFA820E00A36FA1 /* CellCasi.swift */,
				FAE7377A1FFA820D00A36FA1 /* Mycell.swift */,
				FAE7377B1FFA820E00A36FA1 /* Mycell1.swift */,
				FAE7376D1FFA81F400A36FA1 /* MainViewController.swift */,
				FAE7376E1FFA81F400A36FA1 /* scratch */,
				FAE737621FFA81E000A36FA1 /* design */,
				FAE7375F1FFA81DF00A36FA1 /* object */,
				FA0209EA1FF8919700FD2B35 /* AppDelegate.swift */,
				FA0209EC1FF8919700FD2B35 /* ViewController.swift */,
				FA0209EE1FF8919700FD2B35 /* Main.storyboard */,
				FA0209F11FF8919700FD2B35 /* Assets.xcassets */,
				FA0209F31FF8919700FD2B35 /* LaunchScreen.storyboard */,
				FA0209F61FF8919700FD2B35 /* Info.plist */,
			);
			path = Doantenshowiz;
			sourceTree = "<group>";
		};
		FAE7375F1FFA81DF00A36FA1 /* object */ = {
			isa = PBXGroup;
			children = (
				FAE737601FFA81DF00A36FA1 /* AlbumObj.swift */,
				FAE737611FFA81DF00A36FA1 /* NghesiObj.swift */,
			);
			path = object;
			sourceTree = "<group>";
		};
		FAE737621FFA81E000A36FA1 /* design */ = {
			isa = PBXGroup;
			children = (
				FAE737631FFA81E000A36FA1 /* ColumnFlowLayout2.swift */,
				FAE737641FFA81E000A36FA1 /* DesignButton.swift */,
				FAE737651FFA81E000A36FA1 /* DesignLabel.swift */,
				FAE737661FFA81E000A36FA1 /* DesignTextField.swift */,
			);
			path = design;
			sourceTree = "<group>";
		};
		FAE7376E1FFA81F400A36FA1 /* scratch */ = {
			isa = PBXGroup;
			children = (
				FAE7376F1FFA81F400A36FA1 /* ScratchCardImageView.swift */,
				FAE737701FFA81F400A36FA1 /* ScratchCardTouchContainer.swift */,
				FAE737711FFA81F400A36FA1 /* UIImage+SolidColor.swift */,
			);
			path = scratch;
			sourceTree = "<group>";
		};
/* End PBXGroup section */

/* Begin PBXNativeTarget section */
		FA0209E61FF8919700FD2B35 /* Doantenshowiz */ = {
			isa = PBXNativeTarget;
			buildConfigurationList = FA0209F91FF8919700FD2B35 /* Build configuration list for PBXNativeTarget "Doantenshowiz" */;
			buildPhases = (
				9619297DE7D417338DD1613A /* [CP] Check Pods Manifest.lock */,
				FA0209E31FF8919700FD2B35 /* Sources */,
				FA0209E41FF8919700FD2B35 /* Frameworks */,
				FA0209E51FF8919700FD2B35 /* Resources */,
				B07AA49E32AEF498987B9A89 /* [CP] Embed Pods Frameworks */,
				3FDAAA4EAFAC71BD58BF9366 /* [CP] Copy Pods Resources */,
			);
			buildRules = (
			);
			dependencies = (
			);
			name = Doantenshowiz;
			productName = Doantenshowiz;
			productReference = FA0209E71FF8919700FD2B35 /* Doantenshowiz.app */;
			productType = "com.apple.product-type.application";
		};
/* End PBXNativeTarget section */

/* Begin PBXProject section */
		FA0209DF1FF8919700FD2B35 /* Project object */ = {
			isa = PBXProject;
			attributes = {
				LastSwiftUpdateCheck = 0910;
				LastUpgradeCheck = 0910;
				ORGANIZATIONNAME = MacBook;
				TargetAttributes = {
					FA0209E61FF8919700FD2B35 = {
						CreatedOnToolsVersion = 9.1;
						ProvisioningStyle = Automatic;
					};
				};
			};
			buildConfigurationList = FA0209E21FF8919700FD2B35 /* Build configuration list for PBXProject "Doantenshowiz" */;
			compatibilityVersion = "Xcode 8.0";
			developmentRegion = en;
			hasScannedForEncodings = 0;
			knownRegions = (
				en,
				Base,
			);
			mainGroup = FA0209DE1FF8919700FD2B35;
			productRefGroup = FA0209E81FF8919700FD2B35 /* Products */;
			projectDirPath = "";
			projectRoot = "";
			targets = (
				FA0209E61FF8919700FD2B35 /* Doantenshowiz */,
			);
		};
/* End PBXProject section */

/* Begin PBXResourcesBuildPhase section */
		FA0209E51FF8919700FD2B35 /* Resources */ = {
			isa = PBXResourcesBuildPhase;
			buildActionMask = 2147483647;
			files = (
				FA0209F51FF8919700FD2B35 /* LaunchScreen.storyboard in Resources */,
				FA0209F21FF8919700FD2B35 /* Assets.xcassets in Resources */,
				FA0209F01FF8919700FD2B35 /* Main.storyboard in Resources */,
			);
			runOnlyForDeploymentPostprocessing = 0;
		};
/* End PBXResourcesBuildPhase section */

/* Begin PBXShellScriptBuildPhase section */
		3FDAAA4EAFAC71BD58BF9366 /* [CP] Copy Pods Resources */ = {
			isa = PBXShellScriptBuildPhase;
			buildActionMask = 2147483647;
			files = (
			);
			inputPaths = (
			);
			name = "[CP] Copy Pods Resources";
			outputPaths = (
			);
			runOnlyForDeploymentPostprocessing = 0;
			shellPath = /bin/sh;
			shellScript = "\"${SRCROOT}/Pods/Target Support Files/Pods-Doantenshowiz/Pods-Doantenshowiz-resources.sh\"\n";
			showEnvVarsInLog = 0;
		};
		9619297DE7D417338DD1613A /* [CP] Check Pods Manifest.lock */ = {
			isa = PBXShellScriptBuildPhase;
			buildActionMask = 2147483647;
			files = (
			);
			inputPaths = (
				"${PODS_PODFILE_DIR_PATH}/Podfile.lock",
				"${PODS_ROOT}/Manifest.lock",
			);
			name = "[CP] Check Pods Manifest.lock";
			outputPaths = (
				"$(DERIVED_FILE_DIR)/Pods-Doantenshowiz-checkManifestLockResult.txt",
			);
			runOnlyForDeploymentPostprocessing = 0;
			shellPath = /bin/sh;
			shellScript = "diff \"${PODS_PODFILE_DIR_PATH}/Podfile.lock\" \"${PODS_ROOT}/Manifest.lock\" > /dev/null\nif [ $? != 0 ] ; then\n    # print error to STDERR\n    echo \"error: The sandbox is not in sync with the Podfile.lock. Run 'pod install' or update your CocoaPods installation.\" >&2\n    exit 1\nfi\n# This output is used by Xcode 'outputs' to avoid re-running this script phase.\necho \"SUCCESS\" > \"${SCRIPT_OUTPUT_FILE_0}\"\n";
			showEnvVarsInLog = 0;
		};
		B07AA49E32AEF498987B9A89 /* [CP] Embed Pods Frameworks */ = {
			isa = PBXShellScriptBuildPhase;
			buildActionMask = 2147483647;
			files = (
			);
			inputPaths = (
				"${SRCROOT}/Pods/Target Support Files/Pods-Doantenshowiz/Pods-Doantenshowiz-frameworks.sh",
				"${BUILT_PRODUCTS_DIR}/Alamofire/Alamofire.framework",
				"${BUILT_PRODUCTS_DIR}/GoogleToolboxForMac/GoogleToolboxForMac.framework",
				"${BUILT_PRODUCTS_DIR}/SwiftSoup/SwiftSoup.framework",
				"${BUILT_PRODUCTS_DIR}/SwiftyJSON/SwiftyJSON.framework",
				"${BUILT_PRODUCTS_DIR}/nanopb/nanopb.framework",
			);
			name = "[CP] Embed Pods Frameworks";
			outputPaths = (
				"${TARGET_BUILD_DIR}/${FRAMEWORKS_FOLDER_PATH}/Alamofire.framework",
				"${TARGET_BUILD_DIR}/${FRAMEWORKS_FOLDER_PATH}/GoogleToolboxForMac.framework",
				"${TARGET_BUILD_DIR}/${FRAMEWORKS_FOLDER_PATH}/SwiftSoup.framework",
				"${TARGET_BUILD_DIR}/${FRAMEWORKS_FOLDER_PATH}/SwiftyJSON.framework",
				"${TARGET_BUILD_DIR}/${FRAMEWORKS_FOLDER_PATH}/nanopb.framework",
			);
			runOnlyForDeploymentPostprocessing = 0;
			shellPath = /bin/sh;
			shellScript = "\"${SRCROOT}/Pods/Target Support Files/Pods-Doantenshowiz/Pods-Doantenshowiz-frameworks.sh\"\n";
			showEnvVarsInLog = 0;
		};
/* End PBXShellScriptBuildPhase section */

/* Begin PBXSourcesBuildPhase section */
		FA0209E31FF8919700FD2B35 /* Sources */ = {
			isa = PBXSourcesBuildPhase;
			buildActionMask = 2147483647;
			files = (
				FAE737741FFA81F400A36FA1 /* ScratchCardTouchContainer.swift in Sources */,
				FAE7376B1FFA81E000A36FA1 /* DesignLabel.swift in Sources */,
				FA0209ED1FF8919700FD2B35 /* ViewController.swift in Sources */,
				FA0209EB1FF8919700FD2B35 /* AppDelegate.swift in Sources */,
				FAE7376C1FFA81E000A36FA1 /* DesignTextField.swift in Sources */,
				FAE737751FFA81F400A36FA1 /* UIImage+SolidColor.swift in Sources */,
				FAE737791FFA81FF00A36FA1 /* AlbumViewController.swift in Sources */,
				FAE737671FFA81E000A36FA1 /* AlbumObj.swift in Sources */,
				FAE7377D1FFA820E00A36FA1 /* Mycell.swift in Sources */,
				FAE7376A1FFA81E000A36FA1 /* DesignButton.swift in Sources */,
				FAE737721FFA81F400A36FA1 /* MainViewController.swift in Sources */,
				FAE737681FFA81E000A36FA1 /* NghesiObj.swift in Sources */,
				FAE737691FFA81E000A36FA1 /* ColumnFlowLayout2.swift in Sources */,
				FAE737781FFA81FF00A36FA1 /* WebViewController.swift in Sources */,
				FAE737731FFA81F400A36FA1 /* ScratchCardImageView.swift in Sources */,
				FAE7377E1FFA820E00A36FA1 /* Mycell1.swift in Sources */,
				FAE7377F1FFA820E00A36FA1 /* CellCasi.swift in Sources */,
			);
			runOnlyForDeploymentPostprocessing = 0;
		};
/* End PBXSourcesBuildPhase section */

/* Begin PBXVariantGroup section */
		FA0209EE1FF8919700FD2B35 /* Main.storyboard */ = {
			isa = PBXVariantGroup;
			children = (
				FA0209EF1FF8919700FD2B35 /* Base */,
			);
			name = Main.storyboard;
			sourceTree = "<group>";
		};
		FA0209F31FF8919700FD2B35 /* LaunchScreen.storyboard */ = {
			isa = PBXVariantGroup;
			children = (
				FA0209F41FF8919700FD2B35 /* Base */,
			);
			name = LaunchScreen.storyboard;
			sourceTree = "<group>";
		};
/* End PBXVariantGroup section */

/* Begin XCBuildConfiguration section */
		FA0209F71FF8919700FD2B35 /* Debug */ = {
			isa = XCBuildConfiguration;
			buildSettings = {
				ALWAYS_SEARCH_USER_PATHS = NO;
				CLANG_ANALYZER_NONNULL = YES;
				CLANG_ANALYZER_NUMBER_OBJECT_CONVERSION = YES_AGGRESSIVE;
				CLANG_CXX_LANGUAGE_STANDARD = "gnu++14";
				CLANG_CXX_LIBRARY = "libc++";
				CLANG_ENABLE_MODULES = YES;
				CLANG_ENABLE_OBJC_ARC = YES;
				CLANG_WARN_BLOCK_CAPTURE_AUTORELEASING = YES;
				CLANG_WARN_BOOL_CONVERSION = YES;
				CLANG_WARN_COMMA = YES;
				CLANG_WARN_CONSTANT_CONVERSION = YES;
				CLANG_WARN_DIRECT_OBJC_ISA_USAGE = YES_ERROR;
				CLANG_WARN_DOCUMENTATION_COMMENTS = YES;
				CLANG_WARN_EMPTY_BODY = YES;
				CLANG_WARN_ENUM_CONVERSION = YES;
				CLANG_WARN_INFINITE_RECURSION = YES;
				CLANG_WARN_INT_CONVERSION = YES;
				CLANG_WARN_NON_LITERAL_NULL_CONVERSION = YES;
				CLANG_WARN_OBJC_LITERAL_CONVERSION = YES;
				CLANG_WARN_OBJC_ROOT_CLASS = YES_ERROR;
				CLANG_WARN_RANGE_LOOP_ANALYSIS = YES;
				CLANG_WARN_STRICT_PROTOTYPES = YES;
				CLANG_WARN_SUSPICIOUS_MOVE = YES;
				CLANG_WARN_UNGUARDED_AVAILABILITY = YES_AGGRESSIVE;
				CLANG_WARN_UNREACHABLE_CODE = YES;
				CLANG_WARN__DUPLICATE_METHOD_MATCH = YES;
				CODE_SIGN_IDENTITY = "iPhone Developer";
				COPY_PHASE_STRIP = NO;
				DEBUG_INFORMATION_FORMAT = dwarf;
				ENABLE_STRICT_OBJC_MSGSEND = YES;
				ENABLE_TESTABILITY = YES;
				GCC_C_LANGUAGE_STANDARD = gnu11;
				GCC_DYNAMIC_NO_PIC = NO;
				GCC_NO_COMMON_BLOCKS = YES;
				GCC_OPTIMIZATION_LEVEL = 0;
				GCC_PREPROCESSOR_DEFINITIONS = (
					"DEBUG=1",
					"$(inherited)",
				);
				GCC_WARN_64_TO_32_BIT_CONVERSION = YES;
				GCC_WARN_ABOUT_RETURN_TYPE = YES_ERROR;
				GCC_WARN_UNDECLARED_SELECTOR = YES;
				GCC_WARN_UNINITIALIZED_AUTOS = YES_AGGRESSIVE;
				GCC_WARN_UNUSED_FUNCTION = YES;
				GCC_WARN_UNUSED_VARIABLE = YES;
				IPHONEOS_DEPLOYMENT_TARGET = 11.1;
				MTL_ENABLE_DEBUG_INFO = YES;
				ONLY_ACTIVE_ARCH = YES;
				SDKROOT = iphoneos;
				SWIFT_ACTIVE_COMPILATION_CONDITIONS = DEBUG;
				SWIFT_OPTIMIZATION_LEVEL = "-Onone";
			};
			name = Debug;
		};
		FA0209F81FF8919700FD2B35 /* Release */ = {
			isa = XCBuildConfiguration;
			buildSettings = {
				ALWAYS_SEARCH_USER_PATHS = NO;
				CLANG_ANALYZER_NONNULL = YES;
				CLANG_ANALYZER_NUMBER_OBJECT_CONVERSION = YES_AGGRESSIVE;
				CLANG_CXX_LANGUAGE_STANDARD = "gnu++14";
				CLANG_CXX_LIBRARY = "libc++";
				CLANG_ENABLE_MODULES = YES;
				CLANG_ENABLE_OBJC_ARC = YES;
				CLANG_WARN_BLOCK_CAPTURE_AUTORELEASING = YES;
				CLANG_WARN_BOOL_CONVERSION = YES;
				CLANG_WARN_COMMA = YES;
				CLANG_WARN_CONSTANT_CONVERSION = YES;
				CLANG_WARN_DIRECT_OBJC_ISA_USAGE = YES_ERROR;
				CLANG_WARN_DOCUMENTATION_COMMENTS = YES;
				CLANG_WARN_EMPTY_BODY = YES;
				CLANG_WARN_ENUM_CONVERSION = YES;
				CLANG_WARN_INFINITE_RECURSION = YES;
				CLANG_WARN_INT_CONVERSION = YES;
				CLANG_WARN_NON_LITERAL_NULL_CONVERSION = YES;
				CLANG_WARN_OBJC_LITERAL_CONVERSION = YES;
				CLANG_WARN_OBJC_ROOT_CLASS = YES_ERROR;
				CLANG_WARN_RANGE_LOOP_ANALYSIS = YES;
				CLANG_WARN_STRICT_PROTOTYPES = YES;
				CLANG_WARN_SUSPICIOUS_MOVE = YES;
				CLANG_WARN_UNGUARDED_AVAILABILITY = YES_AGGRESSIVE;
				CLANG_WARN_UNREACHABLE_CODE = YES;
				CLANG_WARN__DUPLICATE_METHOD_MATCH = YES;
				CODE_SIGN_IDENTITY = "iPhone Developer";
				COPY_PHASE_STRIP = NO;
				DEBUG_INFORMATION_FORMAT = "dwarf-with-dsym";
				ENABLE_NS_ASSERTIONS = NO;
				ENABLE_STRICT_OBJC_MSGSEND = YES;
				GCC_C_LANGUAGE_STANDARD = gnu11;
				GCC_NO_COMMON_BLOCKS = YES;
				GCC_WARN_64_TO_32_BIT_CONVERSION = YES;
				GCC_WARN_ABOUT_RETURN_TYPE = YES_ERROR;
				GCC_WARN_UNDECLARED_SELECTOR = YES;
				GCC_WARN_UNINITIALIZED_AUTOS = YES_AGGRESSIVE;
				GCC_WARN_UNUSED_FUNCTION = YES;
				GCC_WARN_UNUSED_VARIABLE = YES;
				IPHONEOS_DEPLOYMENT_TARGET = 11.1;
				MTL_ENABLE_DEBUG_INFO = NO;
				SDKROOT = iphoneos;
				SWIFT_OPTIMIZATION_LEVEL = "-Owholemodule";
				VALIDATE_PRODUCT = YES;
			};
			name = Release;
		};
		FA0209FA1FF8919700FD2B35 /* Debug */ = {
			isa = XCBuildConfiguration;
			baseConfigurationReference = 5BEB3208F3556BE3502B6B0C /* Pods-Doantenshowiz.debug.xcconfig */;
			buildSettings = {
				ASSETCATALOG_COMPILER_APPICON_NAME = AppIcon;
				CODE_SIGN_STYLE = Automatic;
				DEVELOPMENT_TEAM = AW2QKY6358;
				INFOPLIST_FILE = Doantenshowiz/Info.plist;
				IPHONEOS_DEPLOYMENT_TARGET = 9.0;
				LD_RUNPATH_SEARCH_PATHS = "$(inherited) @executable_path/Frameworks";
				PRODUCT_BUNDLE_IDENTIFIER = com.jtb4.Doantenshowiz;
				PRODUCT_NAME = "$(TARGET_NAME)";
				SWIFT_VERSION = 4.0;
				TARGETED_DEVICE_FAMILY = "1,2";
			};
			name = Debug;
		};
		FA0209FB1FF8919700FD2B35 /* Release */ = {
			isa = XCBuildConfiguration;
			baseConfigurationReference = E39728293E359326C0D83641 /* Pods-Doantenshowiz.release.xcconfig */;
			buildSettings = {
				ASSETCATALOG_COMPILER_APPICON_NAME = AppIcon;
				CODE_SIGN_STYLE = Automatic;
				DEVELOPMENT_TEAM = AW2QKY6358;
				INFOPLIST_FILE = Doantenshowiz/Info.plist;
				IPHONEOS_DEPLOYMENT_TARGET = 9.0;
				LD_RUNPATH_SEARCH_PATHS = "$(inherited) @executable_path/Frameworks";
				PRODUCT_BUNDLE_IDENTIFIER = com.jtb4.Doantenshowiz;
				PRODUCT_NAME = "$(TARGET_NAME)";
				SWIFT_VERSION = 4.0;
				TARGETED_DEVICE_FAMILY = "1,2";
			};
			name = Release;
		};
/* End XCBuildConfiguration section */

/* Begin XCConfigurationList section */
		FA0209E21FF8919700FD2B35 /* Build configuration list for PBXProject "Doantenshowiz" */ = {
			isa = XCConfigurationList;
			buildConfigurations = (
				FA0209F71FF8919700FD2B35 /* Debug */,
				FA0209F81FF8919700FD2B35 /* Release */,
			);
			defaultConfigurationIsVisible = 0;
			defaultConfigurationName = Release;
		};
		FA0209F91FF8919700FD2B35 /* Build configuration list for PBXNativeTarget "Doantenshowiz" */ = {
			isa = XCConfigurationList;
			buildConfigurations = (
				FA0209FA1FF8919700FD2B35 /* Debug */,
				FA0209FB1FF8919700FD2B35 /* Release */,
			);
			defaultConfigurationIsVisible = 0;
			defaultConfigurationName = Release;
		};
/* End XCConfigurationList section */
	};
	rootObject = FA0209DF1FF8919700FD2B35 /* Project object */;
}
